
Microsoft Visual Studio Solution File, Format Version 12.00
# Visual Studio Version 16
VisualStudioVersion = 16.0.29102.190
MinimumVisualStudioVersion = 10.0.40219.1
Project("{9A19103F-16F7-4668-BE54-9A1E7A4F7556}") = "quartz-test", "quartz-test.csproj", "{3EF6F039-69E9-49C6-AB85-B5C49A1038B7}"
EndProject
Global
	GlobalSection(SolutionConfigurationPlatforms) = preSolution
		Debug|Any CPU = Debug|Any CPU
		Release|Any CPU = Release|Any CPU
	EndGlobalSection
	GlobalSection(ProjectConfigurationPlatforms) = postSolution
		{3EF6F039-69E9-49C6-AB85-B5C49A1038B7}.Debug|Any CPU.ActiveCfg = Debug|Any CPU
		{3EF6F039-69E9-49C6-AB85-B5C49A1038B7}.Debug|Any CPU.Build.0 = Debug|Any CPU
		{3EF6F039-69E9-49C6-AB85-B5C49A1038B7}.Release|Any CPU.ActiveCfg = Release|Any CPU
		{3EF6F039-69E9-49C6-AB85-B5C49A1038B7}.Release|Any CPU.Build.0 = Release|Any CPU
	EndGlobalSection
	GlobalSection(SolutionProperties) = preSolution
		HideSolutionNode = FALSE
	EndGlobalSection
	GlobalSection(ExtensibilityGlobals) = postSolution
		SolutionGuid = {C02B1C69-6F3B-4B15-A6A7-F9AD833D7F58}
	EndGlobalSection
EndGlobal
